version = 1
revision = 2
requires-python = ">=3.13"

[[package]]
name = "cloudpickle"
version = "3.1.1"
source = { registry = "https://pypi.org/simple" }
sdist = { url = "https://files.pythonhosted.org/packages/52/39/069100b84d7418bc358d81669d5748efb14b9cceacd2f9c75f550424132f/cloudpickle-3.1.1.tar.gz", hash = "sha256:b216fa8ae4019d5482a8ac3c95d8f6346115d8835911fd4aefd1a445e4242c64", size = 22113, upload-time = "2025-01-14T17:02:05.085Z" }
wheels = [
    { url = "https://files.pythonhosted.org/packages/7e/e8/64c37fadfc2816a7701fa8a6ed8d87327c7d54eacfbfb6edab14a2f2be75/cloudpickle-3.1.1-py3-none-any.whl", hash = "sha256:c8c5a44295039331ee9dad40ba100a9c7297b6f988e50e87ccdf3765a668350e", size = 20992, upload-time = "2025-01-14T17:02:02.417Z" },
]

[[package]]
name = "doit"
version = "0.36.0"
source = { registry = "https://pypi.org/simple" }
dependencies = [
    { name = "cloudpickle" },
    { name = "importlib-metadata" },
]
sdist = { url = "https://files.pythonhosted.org/packages/5a/36/66b7dea1bb5688ba0d2d7bc113e9c0d57df697bd3f39ce2a139d9612aeee/doit-0.36.0.tar.gz", hash = "sha256:71d07ccc9514cb22fe59d98999577665eaab57e16f644d04336ae0b4bae234bc", size = 1448096, upload-time = "2022-04-22T15:33:12.886Z" }
wheels = [
    { url = "https://files.pythonhosted.org/packages/44/83/a2960d2c975836daa629a73995134fd86520c101412578c57da3d2aa71ee/doit-0.36.0-py3-none-any.whl", hash = "sha256:ebc285f6666871b5300091c26eafdff3de968a6bd60ea35dd1e3fc6f2e32479a", size = 85937, upload-time = "2022-04-22T15:33:23.165Z" },
]

[[package]]
name = "focus-maybe"
version = "0.1.0"
source = { virtual = "." }
dependencies = [
    { name = "doit" },
]

[package.metadata]
requires-dist = [{ name = "doit", specifier = ">=0.36.0" }]

[[package]]
name = "importlib-metadata"
version = "8.7.0"
source = { registry = "https://pypi.org/simple" }
dependencies = [
    { name = "zipp" },
]
sdist = { url = "https://files.pythonhosted.org/packages/76/66/650a33bd90f786193e4de4b3ad86ea60b53c89b669a5c7be931fac31cdb0/importlib_metadata-8.7.0.tar.gz", hash = "sha256:d13b81ad223b890aa16c5471f2ac3056cf76c5f10f82d6f9292f0b415f389000", size = 56641, upload-time = "2025-04-27T15:29:01.736Z" }
wheels = [
    { url = "https://files.pythonhosted.org/packages/20/b0/36bd937216ec521246249be3bf9855081de4c5e06a0c9b4219dbeda50373/importlib_metadata-8.7.0-py3-none-any.whl", hash = "sha256:e5dd1551894c77868a30651cef00984d50e1002d06942a7101d34870c5f02afd", size = 27656, upload-time = "2025-04-27T15:29:00.214Z" },
]

[[package]]
name = "zipp"
version = "3.23.0"
source = { registry = "https://pypi.org/simple" }
sdist = { url = "https://files.pythonhosted.org/packages/e3/02/0f2892c661036d50ede074e376733dca2ae7c6eb617489437771209d4180/zipp-3.23.0.tar.gz", hash = "sha256:a07157588a12518c9d4034df3fbbee09c814741a33ff63c05fa29d26a2404166", size = 25547, upload-time = "2025-06-08T17:06:39.4Z" }
wheels = [
    { url = "https://files.pythonhosted.org/packages/2e/54/647ade08bf0db230bfea292f893923872fd20be6ac6f53b2b936ba839d75/zipp-3.23.0-py3-none-any.whl", hash = "sha256:071652d6115ed432f5ce1d34c336c0adfd6a884660d1e9712a256d3d3bd4b14e", size = 10276, upload-time = "2025-06-08T17:06:38.034Z" },
]
